<?xml version="1.0" encoding="utf-8"?>
<Project ToolsVersion="4.0" xmlns="http://schemas.microsoft.com/developer/msbuild/2003">
  <ItemGroup>
    <Filter Include="소스 파일">
      <UniqueIdentifier>{4FC737F1-C7A5-4376-A066-2A32D752A2FF}</UniqueIdentifier>
      <Extensions>cpp;c;cc;cxx;def;odl;idl;hpj;bat;asm;asmx</Extensions>
    </Filter>
    <Filter Include="헤더 파일">
      <UniqueIdentifier>{93995380-89BD-4b04-88EB-625FBE52EBFB}</UniqueIdentifier>
      <Extensions>h;hh;hpp;hxx;hm;inl;inc;xsd</Extensions>
    </Filter>
    <Filter Include="리소스 파일">
      <UniqueIdentifier>{67DA6AB6-F800-4c08-8B7A-83BB121AAD01}</UniqueIdentifier>
      <Extensions>rc;ico;cur;bmp;dlg;rc2;rct;bin;rgs;gif;jpg;jpeg;jpe;resx;tiff;tif;png;wav;mfcribbon-ms</Extensions>
    </Filter>
    <Filter Include="헤더 파일\Messages">
      <UniqueIdentifier>{8e5b5193-a204-4617-a4a3-a6e1fd143294}</UniqueIdentifier>
    </Filter>
    <Filter Include="소스 파일\Messages">
      <UniqueIdentifier>{0f3f246d-8f03-4229-b1b4-8729f82d00ea}</UniqueIdentifier>
    </Filter>
    <Filter Include="헤더 파일\Common">
      <UniqueIdentifier>{bc788599-fc18-453b-98cf-f31714fa3562}</UniqueIdentifier>
    </Filter>
    <Filter Include="소스 파일\Common">
      <UniqueIdentifier>{b5f81b43-cc03-4231-9be4-618f06e55b4d}</UniqueIdentifier>
    </Filter>
    <Filter Include="헤더 파일\Network">
      <UniqueIdentifier>{1d6828a3-6f6d-4a30-bb59-2e2dcd698904}</UniqueIdentifier>
    </Filter>
    <Filter Include="소스 파일\Network">
      <UniqueIdentifier>{53bc7684-3f9f-4256-910b-a01d48b79ff9}</UniqueIdentifier>
    </Filter>
    <Filter Include="헤더 파일\Messages\ToClient">
      <UniqueIdentifier>{d9ae330b-a1ed-421e-bee6-980805a143ef}</UniqueIdentifier>
    </Filter>
    <Filter Include="헤더 파일\Messages\ToServer">
      <UniqueIdentifier>{7d59cd35-fb35-4a4b-a808-ef9cd7687c68}</UniqueIdentifier>
    </Filter>
    <Filter Include="소스 파일\Messages\ToServer">
      <UniqueIdentifier>{699fe5b2-1ddf-434c-a3c2-7e897ad9dae3}</UniqueIdentifier>
    </Filter>
    <Filter Include="소스 파일\Messages\ToClient">
      <UniqueIdentifier>{21dba2c7-db18-4096-9026-787d82d216a9}</UniqueIdentifier>
    </Filter>
    <Filter Include="헤더 파일\Data">
      <UniqueIdentifier>{d8deeefd-d6aa-43f2-a900-155e991bd43d}</UniqueIdentifier>
    </Filter>
  </ItemGroup>
  <ItemGroup>
    <Text Include="ReadMe.txt" />
  </ItemGroup>
  <ItemGroup>
    <ClInclude Include="stdafx.h">
      <Filter>헤더 파일</Filter>
    </ClInclude>
    <ClInclude Include="targetver.h">
      <Filter>헤더 파일</Filter>
    </ClInclude>
    <ClInclude Include="Defines.h">
      <Filter>헤더 파일\Common</Filter>
    </ClInclude>
    <ClInclude Include="Lobby.h">
      <Filter>헤더 파일</Filter>
    </ClInclude>
    <ClInclude Include="Player.h">
      <Filter>헤더 파일</Filter>
    </ClInclude>
    <ClInclude Include="Data.h">
      <Filter>헤더 파일\Data</Filter>
    </ClInclude>
    <ClInclude Include="Glicko2.h">
      <Filter>헤더 파일</Filter>
    </ClInclude>
    <ClInclude Include="..\CommonSources\Network\Accepter.h">
      <Filter>헤더 파일\Network</Filter>
    </ClInclude>
    <ClInclude Include="..\CommonSources\Network\Network.h">
      <Filter>헤더 파일\Network</Filter>
    </ClInclude>
    <ClInclude Include="..\CommonSources\Network\NetworkCore.h">
      <Filter>헤더 파일\Network</Filter>
    </ClInclude>
    <ClInclude Include="..\CommonSources\Network\NetworkDefines.h">
      <Filter>헤더 파일\Network</Filter>
    </ClInclude>
    <ClInclude Include="..\CommonSources\Message\IDeserializable.h">
      <Filter>헤더 파일\Messages</Filter>
    </ClInclude>
    <ClInclude Include="..\CommonSources\Message\IJSONObjectable.h">
      <Filter>헤더 파일\Messages</Filter>
    </ClInclude>
    <ClInclude Include="..\CommonSources\Message\IMessage.h">
      <Filter>헤더 파일\Messages</Filter>
    </ClInclude>
    <ClInclude Include="..\CommonSources\Message\IMessageConvertor.h">
      <Filter>헤더 파일\Messages</Filter>
    </ClInclude>
    <ClInclude Include="..\CommonSources\Message\ISerializable.h">
      <Filter>헤더 파일\Messages</Filter>
    </ClInclude>
    <ClInclude Include="..\CommonSources\Message\JSONHelper.h">
      <Filter>헤더 파일\Messages</Filter>
    </ClInclude>
    <ClInclude Include="Messages\JoinLobbyToS.h">
      <Filter>헤더 파일\Messages\ToServer</Filter>
    </ClInclude>
    <ClInclude Include="Messages\SelectNormalGameToS.h">
      <Filter>헤더 파일\Messages\ToServer</Filter>
    </ClInclude>
    <ClInclude Include="Messages\JoinLobbyToC.h">
      <Filter>헤더 파일\Messages\ToClient</Filter>
    </ClInclude>
    <ClInclude Include="Messages\SelectNormalGameToC.h">
      <Filter>헤더 파일\Messages\ToClient</Filter>
    </ClInclude>
    <ClInclude Include="..\CommonSources\Singleton.h">
      <Filter>헤더 파일\Common</Filter>
    </ClInclude>
  </ItemGroup>
  <ItemGroup>
    <ClCompile Include="stdafx.cpp">
      <Filter>소스 파일</Filter>
    </ClCompile>
    <ClCompile Include="Server.cpp">
      <Filter>소스 파일</Filter>
    </ClCompile>
    <ClCompile Include="Lobby.cpp">
      <Filter>소스 파일</Filter>
    </ClCompile>
    <ClCompile Include="Player.cpp">
      <Filter>소스 파일</Filter>
    </ClCompile>
    <ClCompile Include="Glicko2.cpp">
      <Filter>소스 파일</Filter>
    </ClCompile>
    <ClCompile Include="..\CommonSources\Network\Accepter.cpp">
      <Filter>소스 파일\Network</Filter>
    </ClCompile>
    <ClCompile Include="..\CommonSources\Network\Network.cpp">
      <Filter>소스 파일\Network</Filter>
    </ClCompile>
    <ClCompile Include="..\CommonSources\Network\NetworkCore.cpp">
      <Filter>소스 파일\Network</Filter>
    </ClCompile>
    <ClCompile Include="..\CommonSources\Message\JSONHelper.cpp">
      <Filter>소스 파일\Messages</Filter>
    </ClCompile>
    <ClCompile Include="Messages\JoinLobbyToS.cpp">
      <Filter>소스 파일\Messages\ToServer</Filter>
    </ClCompile>
    <ClCompile Include="Messages\SelectNormalGameToS.cpp">
      <Filter>소스 파일\Messages\ToServer</Filter>
    </ClCompile>
    <ClCompile Include="Messages\JoinLobbyToC.cpp">
      <Filter>소스 파일\Messages\ToClient</Filter>
    </ClCompile>
    <ClCompile Include="Messages\SelectNormalGameToC.cpp">
      <Filter>소스 파일\Messages\ToClient</Filter>
    </ClCompile>
    <ClCompile Include="..\CommonSources\Singleton.cpp">
      <Filter>소스 파일\Common</Filter>
    </ClCompile>
    <ClCompile Include="LobbyMessageConvertor.cpp">
      <Filter>소스 파일\Messages</Filter>
    </ClCompile>
  </ItemGroup>
</Project>