<?xml version="1.0" encoding="utf-8"?>
<Project ToolsVersion="4.0" xmlns="http://schemas.microsoft.com/developer/msbuild/2003">
  <ItemGroup>
    <Filter Include="소스 파일">
      <UniqueIdentifier>{4FC737F1-C7A5-4376-A066-2A32D752A2FF}</UniqueIdentifier>
      <Extensions>cpp;c;cc;cxx;def;odl;idl;hpj;bat;asm;asmx</Extensions>
    </Filter>
    <Filter Include="헤더 파일">
      <UniqueIdentifier>{93995380-89BD-4b04-88EB-625FBE52EBFB}</UniqueIdentifier>
      <Extensions>h;hh;hpp;hxx;hm;inl;inc;xsd</Extensions>
    </Filter>
    <Filter Include="리소스 파일">
      <UniqueIdentifier>{67DA6AB6-F800-4c08-8B7A-83BB121AAD01}</UniqueIdentifier>
      <Extensions>rc;ico;cur;bmp;dlg;rc2;rct;bin;rgs;gif;jpg;jpeg;jpe;resx;tiff;tif;png;wav;mfcribbon-ms</Extensions>
    </Filter>
    <Filter Include="헤더 파일\Messages">
      <UniqueIdentifier>{b604df00-ffbf-4dbe-af55-0caa46efef6b}</UniqueIdentifier>
    </Filter>
    <Filter Include="소스 파일\Messages">
      <UniqueIdentifier>{5a2430e4-d1f7-443c-86f9-85a4998b9180}</UniqueIdentifier>
    </Filter>
    <Filter Include="헤더 파일\Network">
      <UniqueIdentifier>{3e81ce0b-1836-474a-8bcc-164bcc8785ef}</UniqueIdentifier>
    </Filter>
    <Filter Include="소스 파일\Network">
      <UniqueIdentifier>{c7917090-2f83-4ca7-ab02-27d337e59754}</UniqueIdentifier>
    </Filter>
    <Filter Include="헤더 파일\Common">
      <UniqueIdentifier>{d5459206-a242-43c1-9bf3-643001f7f599}</UniqueIdentifier>
    </Filter>
    <Filter Include="소스 파일\Common">
      <UniqueIdentifier>{d57b08f1-b212-44e0-a7bb-b37f9d5cc772}</UniqueIdentifier>
    </Filter>
    <Filter Include="소스 파일\Messages\ToClient">
      <UniqueIdentifier>{7711490d-1a2d-43bd-a92b-dd55cad9ce41}</UniqueIdentifier>
    </Filter>
    <Filter Include="헤더 파일\Messages\ToClient">
      <UniqueIdentifier>{7bf1b53f-2983-41a6-87b5-6b39cd095935}</UniqueIdentifier>
    </Filter>
    <Filter Include="헤더 파일\Data">
      <UniqueIdentifier>{841fea9b-9eb1-4723-bc73-ae3bc5831f6f}</UniqueIdentifier>
    </Filter>
    <Filter Include="헤더 파일\Game">
      <UniqueIdentifier>{13550fa7-11f9-4512-8e2b-dc5200e7dd6a}</UniqueIdentifier>
    </Filter>
    <Filter Include="소스 파일\Game">
      <UniqueIdentifier>{9b3cb8a0-3ad5-434e-b744-eab67b1427ba}</UniqueIdentifier>
    </Filter>
    <Filter Include="소스 파일\Messages\ToRoom">
      <UniqueIdentifier>{e860259f-0af8-47c9-ae0f-e7853dd1f224}</UniqueIdentifier>
    </Filter>
    <Filter Include="소스 파일\Messages\ToLobby">
      <UniqueIdentifier>{5479cc39-5e52-4a5e-9971-73dd8cd8580f}</UniqueIdentifier>
    </Filter>
    <Filter Include="헤더 파일\Messages\ToLobby">
      <UniqueIdentifier>{f734c150-0d25-41e0-9f1b-c02ba559d9f5}</UniqueIdentifier>
    </Filter>
    <Filter Include="헤더 파일\Messages\ToRoom">
      <UniqueIdentifier>{54cc6227-df8e-4bde-8962-4a5949d64018}</UniqueIdentifier>
    </Filter>
    <Filter Include="소스 파일\Behavior">
      <UniqueIdentifier>{cee94be0-8f68-4bfe-9854-be947ecf8159}</UniqueIdentifier>
    </Filter>
    <Filter Include="헤더 파일\Behavior">
      <UniqueIdentifier>{88b964e1-8f93-4622-b100-ec09f99c2d40}</UniqueIdentifier>
    </Filter>
    <Filter Include="헤더 파일\Entity">
      <UniqueIdentifier>{01eb0fa1-452d-4f11-9f9c-67712daa1d9c}</UniqueIdentifier>
    </Filter>
    <Filter Include="소스 파일\Entity">
      <UniqueIdentifier>{c39f38ac-6c95-4a34-a71d-b02908fb72bd}</UniqueIdentifier>
    </Filter>
    <Filter Include="소스 파일\Entity\Entities">
      <UniqueIdentifier>{245de508-a872-486c-a85d-9f8389aefedc}</UniqueIdentifier>
    </Filter>
    <Filter Include="헤더 파일\Behavior\Behaviors">
      <UniqueIdentifier>{101e9ce8-539f-4026-bd49-59c4913e500b}</UniqueIdentifier>
    </Filter>
    <Filter Include="소스 파일\Entity\Entities\Character">
      <UniqueIdentifier>{d194f4bb-7f3f-4f6e-b60a-9ce08f107215}</UniqueIdentifier>
    </Filter>
    <Filter Include="소스 파일\Entity\Entities\Character\Characters">
      <UniqueIdentifier>{543ed8af-d34f-4edc-939b-70fef06b6090}</UniqueIdentifier>
    </Filter>
    <Filter Include="소스 파일\Behavior\Behaviors">
      <UniqueIdentifier>{6a8682e7-3bda-43ff-b18e-962d641e9b49}</UniqueIdentifier>
    </Filter>
    <Filter Include="헤더 파일\Entity\Entities">
      <UniqueIdentifier>{f5850074-022c-4246-9539-b90700735120}</UniqueIdentifier>
    </Filter>
    <Filter Include="헤더 파일\Entity\Entities\Character">
      <UniqueIdentifier>{a79b78e8-79bb-422f-804f-6637f306a5b0}</UniqueIdentifier>
    </Filter>
    <Filter Include="헤더 파일\Entity\Entities\Character\Characters">
      <UniqueIdentifier>{02759604-a752-4987-9f58-e3c27e80a57f}</UniqueIdentifier>
    </Filter>
    <Filter Include="소스 파일\State">
      <UniqueIdentifier>{42787dbf-24c6-45ff-a6f1-b2808b4b8ac1}</UniqueIdentifier>
    </Filter>
    <Filter Include="소스 파일\State\States">
      <UniqueIdentifier>{0b80c5a4-8e3a-459c-8c67-253d8194cd27}</UniqueIdentifier>
    </Filter>
    <Filter Include="헤더 파일\State">
      <UniqueIdentifier>{26a2bc29-77df-4391-87e0-24b0aff9ed69}</UniqueIdentifier>
    </Filter>
    <Filter Include="헤더 파일\State\States">
      <UniqueIdentifier>{25d54140-483d-4329-b225-3380c62c2161}</UniqueIdentifier>
    </Filter>
    <Filter Include="소스 파일\MasterData">
      <UniqueIdentifier>{ce4c8ba4-a115-4797-9483-3326acda1f00}</UniqueIdentifier>
    </Filter>
    <Filter Include="헤더 파일\MasterData">
      <UniqueIdentifier>{ea8e4474-340d-4428-a2f0-0a07a761eda0}</UniqueIdentifier>
    </Filter>
    <Filter Include="소스 파일\Skill">
      <UniqueIdentifier>{958dcb05-82e1-4cee-88e9-de1491af01c0}</UniqueIdentifier>
    </Filter>
    <Filter Include="헤더 파일\Skill">
      <UniqueIdentifier>{8dfc48cd-a7a0-4b50-8b9d-a7e9d6144290}</UniqueIdentifier>
    </Filter>
    <Filter Include="헤더 파일\Skill\Skills">
      <UniqueIdentifier>{b3ae6677-a683-48da-9c59-5f96377f3a01}</UniqueIdentifier>
    </Filter>
    <Filter Include="소스 파일\Skill\Skills">
      <UniqueIdentifier>{e410c0e4-3cf0-4886-be48-15894d81c9f7}</UniqueIdentifier>
    </Filter>
    <Filter Include="소스 파일\GameEvent">
      <UniqueIdentifier>{3cedbf31-9ced-4726-aa97-d1d213a88091}</UniqueIdentifier>
    </Filter>
    <Filter Include="소스 파일\GameEvent\GameEvents">
      <UniqueIdentifier>{b72b0724-03cc-44cc-9505-1295be9002d5}</UniqueIdentifier>
    </Filter>
    <Filter Include="헤더 파일\GameEvent">
      <UniqueIdentifier>{6ccfe582-d9ab-4bbe-9659-0686ba86450e}</UniqueIdentifier>
    </Filter>
    <Filter Include="헤더 파일\GameEvent\GameEvents">
      <UniqueIdentifier>{2de21456-74f4-410d-8f64-6fa1fd1ef6cf}</UniqueIdentifier>
    </Filter>
    <Filter Include="소스 파일\Entity\Entities\Projectile">
      <UniqueIdentifier>{ef6119ce-bf0c-44ad-ba08-8c971ea943b8}</UniqueIdentifier>
    </Filter>
    <Filter Include="헤더 파일\Entity\Entities\Projectile">
      <UniqueIdentifier>{a461231e-55e7-48d0-8335-f89691622d52}</UniqueIdentifier>
    </Filter>
    <Filter Include="헤더 파일\AI">
      <UniqueIdentifier>{afdb2066-dc05-433c-9100-7d6c5d1e9638}</UniqueIdentifier>
    </Filter>
    <Filter Include="소스 파일\AI">
      <UniqueIdentifier>{b1aa7a4f-fdb6-43c8-8e9c-dc50219856ed}</UniqueIdentifier>
    </Filter>
    <Filter Include="헤더 파일\AI\CharacterAI">
      <UniqueIdentifier>{b84a37f1-c36c-4ea6-b94a-a38877e36449}</UniqueIdentifier>
    </Filter>
    <Filter Include="소스 파일\AI\CharacterAI">
      <UniqueIdentifier>{6f935de2-0f7d-4e5d-a91c-fe8fc053ea69}</UniqueIdentifier>
    </Filter>
    <Filter Include="헤더 파일\AI\CharacterAI\CharacterAIs">
      <UniqueIdentifier>{8682bb52-e8d6-433a-b9fc-0b776176f606}</UniqueIdentifier>
    </Filter>
    <Filter Include="소스 파일\AI\CharacterAI\CharacterAIs">
      <UniqueIdentifier>{a33bfdb0-50a4-4fff-b4cb-30817f516fdd}</UniqueIdentifier>
    </Filter>
  </ItemGroup>
  <ItemGroup>
    <Text Include="ReadMe.txt" />
  </ItemGroup>
  <ItemGroup>
    <ClInclude Include="stdafx.h">
      <Filter>헤더 파일</Filter>
    </ClInclude>
    <ClInclude Include="targetver.h">
      <Filter>헤더 파일</Filter>
    </ClInclude>
    <ClInclude Include="Room.h">
      <Filter>헤더 파일</Filter>
    </ClInclude>
    <ClInclude Include="RoomMessageHeader.h">
      <Filter>헤더 파일\Messages</Filter>
    </ClInclude>
    <ClInclude Include="RoomMessageConvertor.h">
      <Filter>헤더 파일\Messages</Filter>
    </ClInclude>
    <ClInclude Include="..\CommonSources\Network\Accepter.h">
      <Filter>헤더 파일\Network</Filter>
    </ClInclude>
    <ClInclude Include="..\CommonSources\Network\Network.h">
      <Filter>헤더 파일\Network</Filter>
    </ClInclude>
    <ClInclude Include="..\CommonSources\Network\NetworkCore.h">
      <Filter>헤더 파일\Network</Filter>
    </ClInclude>
    <ClInclude Include="..\CommonSources\Network\NetworkDefines.h">
      <Filter>헤더 파일\Network</Filter>
    </ClInclude>
    <ClInclude Include="..\CommonSources\Singleton.h">
      <Filter>헤더 파일\Common</Filter>
    </ClInclude>
    <ClInclude Include="..\CommonSources\Message\IDeserializable.h">
      <Filter>헤더 파일\Messages</Filter>
    </ClInclude>
    <ClInclude Include="..\CommonSources\Message\IMessage.h">
      <Filter>헤더 파일\Messages</Filter>
    </ClInclude>
    <ClInclude Include="..\CommonSources\Message\IMessageConvertor.h">
      <Filter>헤더 파일\Messages</Filter>
    </ClInclude>
    <ClInclude Include="..\CommonSources\Message\ISerializable.h">
      <Filter>헤더 파일\Messages</Filter>
    </ClInclude>
    <ClInclude Include="Data.h">
      <Filter>헤더 파일\Data</Filter>
    </ClInclude>
    <ClInclude Include="Game\BaeGameRoom.h">
      <Filter>헤더 파일\Game</Filter>
    </ClInclude>
    <ClInclude Include="..\CommonSources\Message\MessageIDs.h">
      <Filter>헤더 파일\Messages</Filter>
    </ClInclude>
    <ClInclude Include="Entity\IEntity.h">
      <Filter>헤더 파일\Entity</Filter>
    </ClInclude>
    <ClInclude Include="Behavior\IBehavior.h">
      <Filter>헤더 파일\Behavior</Filter>
    </ClInclude>
    <ClInclude Include="Behavior\Behaviors\Move.h">
      <Filter>헤더 파일\Behavior\Behaviors</Filter>
    </ClInclude>
    <ClInclude Include="Behavior\BehaviorIDs.h">
      <Filter>헤더 파일\Behavior</Filter>
    </ClInclude>
    <ClInclude Include="Util.h">
      <Filter>헤더 파일\Common</Filter>
    </ClInclude>
    <ClInclude Include="Defines.h">
      <Filter>헤더 파일\Common</Filter>
    </ClInclude>
    <ClInclude Include="..\CommonSources\tinyxml2.h">
      <Filter>헤더 파일\Common</Filter>
    </ClInclude>
    <ClInclude Include="..\CommonSources\QuadTree.h">
      <Filter>헤더 파일\Common</Filter>
    </ClInclude>
    <ClInclude Include="..\CommonSources\QuadTreePrerequisites.h">
      <Filter>헤더 파일\Common</Filter>
    </ClInclude>
    <ClInclude Include="Game\TerrainObjectInsertChecker.h">
      <Filter>헤더 파일\Game</Filter>
    </ClInclude>
    <ClInclude Include="Game\CollisionManager.h">
      <Filter>헤더 파일\Game</Filter>
    </ClInclude>
    <ClInclude Include="State\IState.h">
      <Filter>헤더 파일\State</Filter>
    </ClInclude>
    <ClInclude Include="State\StateIDs.h">
      <Filter>헤더 파일\State</Filter>
    </ClInclude>
    <ClInclude Include="State\States\Acceleration.h">
      <Filter>헤더 파일\State\States</Filter>
    </ClInclude>
    <ClInclude Include="MasterData\MasterDataManager.h">
      <Filter>헤더 파일\MasterData</Filter>
    </ClInclude>
    <ClInclude Include="MasterData\IMasterData.h">
      <Filter>헤더 파일\MasterData</Filter>
    </ClInclude>
    <ClInclude Include="MasterData\Skill.h">
      <Filter>헤더 파일\MasterData</Filter>
    </ClInclude>
    <ClInclude Include="MasterData\Character.h">
      <Filter>헤더 파일\MasterData</Filter>
    </ClInclude>
    <ClInclude Include="MasterData\Behavior.h">
      <Filter>헤더 파일\MasterData</Filter>
    </ClInclude>
    <ClInclude Include="MasterData\State.h">
      <Filter>헤더 파일\MasterData</Filter>
    </ClInclude>
    <ClInclude Include="Factory.h">
      <Filter>헤더 파일\Common</Filter>
    </ClInclude>
    <ClInclude Include="Entity\Entities\Character\Character.h">
      <Filter>헤더 파일\Entity\Entities\Character</Filter>
    </ClInclude>
    <ClInclude Include="Skill\ISkill.h">
      <Filter>헤더 파일\Skill</Filter>
    </ClInclude>
    <ClInclude Include="Behavior\Behaviors\Dash.h">
      <Filter>헤더 파일\Behavior\Behaviors</Filter>
    </ClInclude>
    <ClInclude Include="Skill\Skills\ContinueSkill.h">
      <Filter>헤더 파일\Skill\Skills</Filter>
    </ClInclude>
    <ClInclude Include="Skill\Skills\FireSkill.h">
      <Filter>헤더 파일\Skill\Skills</Filter>
    </ClInclude>
    <ClInclude Include="State\States\Shield.h">
      <Filter>헤더 파일\State\States</Filter>
    </ClInclude>
    <ClInclude Include="GameEvent\IGameEvent.h">
      <Filter>헤더 파일\GameEvent</Filter>
    </ClInclude>
    <ClInclude Include="GameEvent\GameEvents\BehaviorStart.h">
      <Filter>헤더 파일\GameEvent\GameEvents</Filter>
    </ClInclude>
    <ClInclude Include="GameEvent\GameEvents\BehaviorEnd.h">
      <Filter>헤더 파일\GameEvent\GameEvents</Filter>
    </ClInclude>
    <ClInclude Include="GameEvent\GameEvents\Position.h">
      <Filter>헤더 파일\GameEvent\GameEvents</Filter>
    </ClInclude>
    <ClInclude Include="GameEvent\GameEvents\Rotation.h">
      <Filter>헤더 파일\GameEvent\GameEvents</Filter>
    </ClInclude>
    <ClInclude Include="GameEvent\GameEvents\StateEnd.h">
      <Filter>헤더 파일\GameEvent\GameEvents</Filter>
    </ClInclude>
    <ClInclude Include="GameEvent\GameEvents\StateStart.h">
      <Filter>헤더 파일\GameEvent\GameEvents</Filter>
    </ClInclude>
    <ClInclude Include="Messages\ToClient\WorldSnapShotToC.h">
      <Filter>헤더 파일\Messages\ToClient</Filter>
    </ClInclude>
    <ClInclude Include="Messages\ToClient\EnterRoomToC.h">
      <Filter>헤더 파일\Messages\ToClient</Filter>
    </ClInclude>
    <ClInclude Include="Messages\ToClient\WorldInfoToC.h">
      <Filter>헤더 파일\Messages\ToClient</Filter>
    </ClInclude>
    <ClInclude Include="Messages\ToClient\PreparationStateToC.h">
      <Filter>헤더 파일\Messages\ToClient</Filter>
    </ClInclude>
    <ClInclude Include="Messages\ToClient\PlayerEnterRoomToC.h">
      <Filter>헤더 파일\Messages\ToClient</Filter>
    </ClInclude>
    <ClInclude Include="Messages\ToClient\GameStartToC.h">
      <Filter>헤더 파일\Messages\ToClient</Filter>
    </ClInclude>
    <ClInclude Include="..\CommonSources\Messages\ToLobby\CreateRoomToL.h">
      <Filter>헤더 파일\Messages\ToLobby</Filter>
    </ClInclude>
    <ClInclude Include="Messages\ToRoom\ReadyForStartToR.h">
      <Filter>헤더 파일\Messages\ToRoom</Filter>
    </ClInclude>
    <ClInclude Include="Messages\ToRoom\PreparationStateToR.h">
      <Filter>헤더 파일\Messages\ToRoom</Filter>
    </ClInclude>
    <ClInclude Include="Messages\ToRoom\GameInputSkillToR.h">
      <Filter>헤더 파일\Messages\ToRoom</Filter>
    </ClInclude>
    <ClInclude Include="Messages\ToRoom\GameEventStopToR.h">
      <Filter>헤더 파일\Messages\ToRoom</Filter>
    </ClInclude>
    <ClInclude Include="Messages\ToRoom\GameEventMoveToR.h">
      <Filter>헤더 파일\Messages\ToRoom</Filter>
    </ClInclude>
    <ClInclude Include="Messages\ToRoom\EnterRoomToR.h">
      <Filter>헤더 파일\Messages\ToRoom</Filter>
    </ClInclude>
    <ClInclude Include="..\CommonSources\Messages\ToRoom\CreateRoomToR.h">
      <Filter>헤더 파일\Messages\ToRoom</Filter>
    </ClInclude>
    <ClInclude Include="Entity\Entities\Projectile\Projectile.h">
      <Filter>헤더 파일\Entity\Entities\Projectile</Filter>
    </ClInclude>
    <ClInclude Include="MasterData\Projectile.h">
      <Filter>헤더 파일\MasterData</Filter>
    </ClInclude>
    <ClInclude Include="Behavior\Behaviors\General.h">
      <Filter>헤더 파일\Behavior\Behaviors</Filter>
    </ClInclude>
    <ClInclude Include="Behavior\Behaviors\StopBehavior.h">
      <Filter>헤더 파일\Behavior\Behaviors</Filter>
    </ClInclude>
    <ClInclude Include="GameEvent\GameEvents\EntityCreate.h">
      <Filter>헤더 파일\GameEvent\GameEvents</Filter>
    </ClInclude>
    <ClInclude Include="GameEvent\GameEvents\EntityDestroy.h">
      <Filter>헤더 파일\GameEvent\GameEvents</Filter>
    </ClInclude>
    <ClInclude Include="State\States\FireBehavior.h">
      <Filter>헤더 파일\State\States</Filter>
    </ClInclude>
    <ClInclude Include="Game\CollisionObject.h">
      <Filter>헤더 파일\Game</Filter>
    </ClInclude>
    <ClInclude Include="AI\CharacterAI\ICharacterAI.h">
      <Filter>헤더 파일\AI\CharacterAI</Filter>
    </ClInclude>
    <ClInclude Include="AI\CharacterAI\CharacterAIs\Flower1AI.h">
      <Filter>헤더 파일\AI\CharacterAI\CharacterAIs</Filter>
    </ClInclude>
    <ClInclude Include="GameEvent\GameEvents\Collision.h">
      <Filter>헤더 파일\GameEvent\GameEvents</Filter>
    </ClInclude>
    <ClInclude Include="Messages\ToRoom\GameEventDashToR.h">
      <Filter>헤더 파일\Messages\ToRoom</Filter>
    </ClInclude>
    <ClInclude Include="AI\CharacterAI\CharacterAIs\DummyCharacter1AI.h">
      <Filter>헤더 파일\AI\CharacterAI\CharacterAIs</Filter>
    </ClInclude>
    <ClInclude Include="AI\CharacterAI\CharacterAIs\DummyCharacter2AI.h">
      <Filter>헤더 파일\AI\CharacterAI\CharacterAIs</Filter>
    </ClInclude>
  </ItemGroup>
  <ItemGroup>
    <ClCompile Include="stdafx.cpp">
      <Filter>소스 파일</Filter>
    </ClCompile>
    <ClCompile Include="RoomServer.cpp">
      <Filter>소스 파일</Filter>
    </ClCompile>
    <ClCompile Include="Room.cpp">
      <Filter>소스 파일</Filter>
    </ClCompile>
    <ClCompile Include="RoomMessageConvertor.cpp">
      <Filter>소스 파일\Messages</Filter>
    </ClCompile>
    <ClCompile Include="..\CommonSources\Network\Accepter.cpp">
      <Filter>소스 파일\Network</Filter>
    </ClCompile>
    <ClCompile Include="..\CommonSources\Network\Network.cpp">
      <Filter>소스 파일\Network</Filter>
    </ClCompile>
    <ClCompile Include="..\CommonSources\Network\NetworkCore.cpp">
      <Filter>소스 파일\Network</Filter>
    </ClCompile>
    <ClCompile Include="Game\BaeGameRoom.cpp">
      <Filter>소스 파일\Game</Filter>
    </ClCompile>
    <ClCompile Include="Behavior\Behaviors\Move.cpp">
      <Filter>소스 파일\Behavior\Behaviors</Filter>
    </ClCompile>
    <ClCompile Include="Entity\IEntity.cpp">
      <Filter>소스 파일\Entity</Filter>
    </ClCompile>
    <ClCompile Include="Behavior\IBehavior.cpp">
      <Filter>소스 파일\Behavior</Filter>
    </ClCompile>
    <ClCompile Include="..\CommonSources\tinyxml2.cpp">
      <Filter>소스 파일\Common</Filter>
    </ClCompile>
    <ClCompile Include="..\CommonSources\QuadTreePrerequisites.cpp">
      <Filter>소스 파일\Common</Filter>
    </ClCompile>
    <ClCompile Include="Game\TerrainObjectInsertChecker.cpp">
      <Filter>소스 파일\Game</Filter>
    </ClCompile>
    <ClCompile Include="Game\CollisionManager.cpp">
      <Filter>소스 파일\Game</Filter>
    </ClCompile>
    <ClCompile Include="State\IState.cpp">
      <Filter>소스 파일\State</Filter>
    </ClCompile>
    <ClCompile Include="State\States\Acceleration.cpp">
      <Filter>소스 파일\State\States</Filter>
    </ClCompile>
    <ClCompile Include="MasterData\MasterDataManager.cpp">
      <Filter>소스 파일\MasterData</Filter>
    </ClCompile>
    <ClCompile Include="MasterData\IMasterData.cpp">
      <Filter>소스 파일\MasterData</Filter>
    </ClCompile>
    <ClCompile Include="MasterData\SKill.cpp">
      <Filter>소스 파일\MasterData</Filter>
    </ClCompile>
    <ClCompile Include="MasterData\Character.cpp">
      <Filter>소스 파일\MasterData</Filter>
    </ClCompile>
    <ClCompile Include="MasterData\Behavior.cpp">
      <Filter>소스 파일\MasterData</Filter>
    </ClCompile>
    <ClCompile Include="MasterData\State.cpp">
      <Filter>소스 파일\MasterData</Filter>
    </ClCompile>
    <ClCompile Include="Factory.cpp">
      <Filter>소스 파일\Common</Filter>
    </ClCompile>
    <ClCompile Include="Entity\Entities\Character\Character.cpp">
      <Filter>소스 파일\Entity\Entities\Character</Filter>
    </ClCompile>
    <ClCompile Include="Skill\ISkill.cpp">
      <Filter>소스 파일\Skill</Filter>
    </ClCompile>
    <ClCompile Include="Behavior\Behaviors\Dash.cpp">
      <Filter>소스 파일\Behavior\Behaviors</Filter>
    </ClCompile>
    <ClCompile Include="Skill\Skills\ContinueSkill.cpp">
      <Filter>소스 파일\Skill\Skills</Filter>
    </ClCompile>
    <ClCompile Include="Skill\Skills\FireSkill.cpp">
      <Filter>소스 파일\Skill\Skills</Filter>
    </ClCompile>
    <ClCompile Include="State\States\Shield.cpp">
      <Filter>소스 파일\State\States</Filter>
    </ClCompile>
    <ClCompile Include="GameEvent\IGameEvent.cpp">
      <Filter>소스 파일\GameEvent</Filter>
    </ClCompile>
    <ClCompile Include="GameEvent\GameEvents\BehaviorStart.cpp">
      <Filter>소스 파일\GameEvent\GameEvents</Filter>
    </ClCompile>
    <ClCompile Include="GameEvent\GameEvents\BehaviorEnd.cpp">
      <Filter>소스 파일\GameEvent\GameEvents</Filter>
    </ClCompile>
    <ClCompile Include="GameEvent\GameEvents\Position.cpp">
      <Filter>소스 파일\GameEvent\GameEvents</Filter>
    </ClCompile>
    <ClCompile Include="GameEvent\GameEvents\Rotation.cpp">
      <Filter>소스 파일\GameEvent\GameEvents</Filter>
    </ClCompile>
    <ClCompile Include="GameEvent\GameEvents\StateEnd.cpp">
      <Filter>소스 파일\GameEvent\GameEvents</Filter>
    </ClCompile>
    <ClCompile Include="GameEvent\GameEvents\StateStart.cpp">
      <Filter>소스 파일\GameEvent\GameEvents</Filter>
    </ClCompile>
    <ClCompile Include="Messages\ToClient\WorldInfoToC.cpp">
      <Filter>소스 파일\Messages\ToClient</Filter>
    </ClCompile>
    <ClCompile Include="Messages\ToClient\WorldSnapShotToC.cpp">
      <Filter>소스 파일\Messages\ToClient</Filter>
    </ClCompile>
    <ClCompile Include="Messages\ToClient\PreparationStateToC.cpp">
      <Filter>소스 파일\Messages\ToClient</Filter>
    </ClCompile>
    <ClCompile Include="Messages\ToClient\PlayerEnterRoomToC.cpp">
      <Filter>소스 파일\Messages\ToClient</Filter>
    </ClCompile>
    <ClCompile Include="Messages\ToClient\GameStartToC.cpp">
      <Filter>소스 파일\Messages\ToClient</Filter>
    </ClCompile>
    <ClCompile Include="Messages\ToClient\EnterRoomToC.cpp">
      <Filter>소스 파일\Messages\ToClient</Filter>
    </ClCompile>
    <ClCompile Include="..\CommonSources\Messages\ToLobby\CreateRoomToL.cpp">
      <Filter>소스 파일\Messages\ToLobby</Filter>
    </ClCompile>
    <ClCompile Include="Messages\ToRoom\ReadyForStartToR.cpp">
      <Filter>소스 파일\Messages\ToRoom</Filter>
    </ClCompile>
    <ClCompile Include="Messages\ToRoom\PreparationStateToR.cpp">
      <Filter>소스 파일\Messages\ToRoom</Filter>
    </ClCompile>
    <ClCompile Include="Messages\ToRoom\GameInputSkillToR.cpp">
      <Filter>소스 파일\Messages\ToRoom</Filter>
    </ClCompile>
    <ClCompile Include="Messages\ToRoom\GameEventStopToR.cpp">
      <Filter>소스 파일\Messages\ToRoom</Filter>
    </ClCompile>
    <ClCompile Include="Messages\ToRoom\GameEventMoveToR.cpp">
      <Filter>소스 파일\Messages\ToRoom</Filter>
    </ClCompile>
    <ClCompile Include="Messages\ToRoom\EnterRoomToR.cpp">
      <Filter>소스 파일\Messages\ToRoom</Filter>
    </ClCompile>
    <ClCompile Include="..\CommonSources\Messages\ToRoom\CreateRoomToR.cpp">
      <Filter>소스 파일\Messages\ToRoom</Filter>
    </ClCompile>
    <ClCompile Include="Entity\Entities\Projectile\Projectile.cpp">
      <Filter>소스 파일\Entity\Entities\Projectile</Filter>
    </ClCompile>
    <ClCompile Include="MasterData\Projectile.cpp">
      <Filter>소스 파일\MasterData</Filter>
    </ClCompile>
    <ClCompile Include="Behavior\Behaviors\General.cpp">
      <Filter>소스 파일\Behavior\Behaviors</Filter>
    </ClCompile>
    <ClCompile Include="Behavior\Behaviors\StopBehavior.cpp">
      <Filter>소스 파일\Behavior\Behaviors</Filter>
    </ClCompile>
    <ClCompile Include="GameEvent\GameEvents\EntityCreate.cpp">
      <Filter>소스 파일\GameEvent\GameEvents</Filter>
    </ClCompile>
    <ClCompile Include="GameEvent\GameEvents\EntityDestroy.cpp">
      <Filter>소스 파일\GameEvent\GameEvents</Filter>
    </ClCompile>
    <ClCompile Include="State\States\FireBehavior.cpp">
      <Filter>소스 파일\State\States</Filter>
    </ClCompile>
    <ClCompile Include="Game\CollisionObject.cpp">
      <Filter>소스 파일\Game</Filter>
    </ClCompile>
    <ClCompile Include="AI\CharacterAI\ICharacterAI.cpp">
      <Filter>소스 파일\AI\CharacterAI</Filter>
    </ClCompile>
    <ClCompile Include="AI\CharacterAI\CharacterAIs\Flower1AI.cpp">
      <Filter>소스 파일\AI\CharacterAI\CharacterAIs</Filter>
    </ClCompile>
    <ClCompile Include="GameEvent\GameEvents\Collision.cpp">
      <Filter>소스 파일\GameEvent\GameEvents</Filter>
    </ClCompile>
    <ClCompile Include="Messages\ToRoom\GameEventDashToR.cpp">
      <Filter>소스 파일\Messages\ToRoom</Filter>
    </ClCompile>
    <ClCompile Include="AI\CharacterAI\CharacterAIs\DummyCharacter1AI.cpp">
      <Filter>소스 파일\AI\CharacterAI\CharacterAIs</Filter>
    </ClCompile>
    <ClCompile Include="AI\CharacterAI\CharacterAIs\DummyCharacter2AI.cpp">
      <Filter>소스 파일\AI\CharacterAI\CharacterAIs</Filter>
    </ClCompile>
  </ItemGroup>
</Project>